
Microsoft Visual Studio Solution File, Format Version 12.00
# Visual Studio Version 17
VisualStudioVersion = 17.6.33829.357
MinimumVisualStudioVersion = 10.0.40219.1
Project("{FAE04EC0-301F-11D3-BF4B-00C04F79EFBC}") = "TurneringUI", "TurneringUI\TurneringUI.csproj", "{B8AEACA2-C6EA-41D9-89E9-88940AA80524}"
EndProject
Project("{FAE04EC0-301F-11D3-BF4B-00C04F79EFBC}") = "TurneringLibrary", "TurneringLibrary\TurneringLibrary.csproj", "{7B6AD757-BDC7-470A-BF25-5AF319233FCE}"
EndProject
Global
	GlobalSection(SolutionConfigurationPlatforms) = preSolution
		Debug|Any CPU = Debug|Any CPU
		Release|Any CPU = Release|Any CPU
	EndGlobalSection
	GlobalSection(ProjectConfigurationPlatforms) = postSolution
		{B8AEACA2-C6EA-41D9-89E9-88940AA80524}.Debug|Any CPU.ActiveCfg = Debug|Any CPU
		{B8AEACA2-C6EA-41D9-89E9-88940AA80524}.Debug|Any CPU.Build.0 = Debug|Any CPU
		{B8AEACA2-C6EA-41D9-89E9-88940AA80524}.Release|Any CPU.ActiveCfg = Release|Any CPU
		{B8AEACA2-C6EA-41D9-89E9-88940AA80524}.Release|Any CPU.Build.0 = Release|Any CPU
		{7B6AD757-BDC7-470A-BF25-5AF319233FCE}.Debug|Any CPU.ActiveCfg = Debug|Any CPU
		{7B6AD757-BDC7-470A-BF25-5AF319233FCE}.Debug|Any CPU.Build.0 = Debug|Any CPU
		{7B6AD757-BDC7-470A-BF25-5AF319233FCE}.Release|Any CPU.ActiveCfg = Release|Any CPU
		{7B6AD757-BDC7-470A-BF25-5AF319233FCE}.Release|Any CPU.Build.0 = Release|Any CPU
	EndGlobalSection
	GlobalSection(SolutionProperties) = preSolution
		HideSolutionNode = FALSE
	EndGlobalSection
	GlobalSection(ExtensibilityGlobals) = postSolution
		SolutionGuid = {C1EC73AB-8945-45F3-92D9-73DF43CC85AD}
	EndGlobalSection
EndGlobal
